
Microsoft Visual Studio Solution File, Format Version 12.00
# Visual Studio Version 17
VisualStudioVersion = 17.4.33213.308
MinimumVisualStudioVersion = 10.0.40219.1
Project("{FAE04EC0-301F-11D3-BF4B-00C04F79EFBC}") = "ExmJSVE", "ExmJSVE.csproj", "{F88A2886-146A-46AC-99ED-279073E09FDD}"
EndProject
Global
	GlobalSection(SolutionConfigurationPlatforms) = preSolution
		Debug|Any CPU = Debug|Any CPU
		Release|Any CPU = Release|Any CPU
	EndGlobalSection
	GlobalSection(ProjectConfigurationPlatforms) = postSolution
		{F88A2886-146A-46AC-99ED-279073E09FDD}.Debug|Any CPU.ActiveCfg = Debug|Any CPU
		{F88A2886-146A-46AC-99ED-279073E09FDD}.Debug|Any CPU.Build.0 = Debug|Any CPU
		{F88A2886-146A-46AC-99ED-279073E09FDD}.Release|Any CPU.ActiveCfg = Release|Any CPU
		{F88A2886-146A-46AC-99ED-279073E09FDD}.Release|Any CPU.Build.0 = Release|Any CPU
	EndGlobalSection
	GlobalSection(SolutionProperties) = preSolution
		HideSolutionNode = FALSE
	EndGlobalSection
	GlobalSection(ExtensibilityGlobals) = postSolution
		SolutionGuid = {E916D8ED-9858-4D41-A203-85AA5C2451F5}
	EndGlobalSection
EndGlobal
